# This file is automatically @generated by Cargo.
# It is not intended for manual editing.
version = 4

[[package]]
name = "ch"
version = "0.0.0"
source = "registry+https://github.com/rust-lang/crates.io-index"
checksum = "d8da3c7791c16a7e38d6bc6bc7f92c2d8a69fb9a4f1b41d6d8e7de8ea39cc270"

[[package]]
name = "ch04_conditionals_loops"
version = "0.1.0"
dependencies = [
 "ch",
]
